
Microsoft Visual Studio Solution File, Format Version 12.00
# Visual Studio 2013
VisualStudioVersion = 12.0.21005.1
MinimumVisualStudioVersion = 10.0.40219.1
Project("{FAE04EC0-301F-11D3-BF4B-00C04F79EFBC}") = "ConsultaAereo.Api", "ConsultaAereo.Api\ConsultaAereo.Api.csproj", "{3ED0A017-97DF-45E0-A70D-F65947B36FDC}"
EndProject
Project("{FAE04EC0-301F-11D3-BF4B-00C04F79EFBC}") = "ConsultaAereo.Web", "ConsultaAereo.Web\ConsultaAereo.Web.csproj", "{7B8363A7-6E71-4437-BB8F-9D07B2A63B16}"
EndProject
Global
	GlobalSection(TeamFoundationVersionControl) = preSolution
		SccNumberOfProjects = 3
		SccEnterpriseProvider = {4CA58AB2-18FA-4F8D-95D4-32DDF27D184C}
		SccTeamFoundationServer = https://thiagoboufleuhr.visualstudio.com/defaultcollection
		SccLocalPath0 = .
		SccProjectUniqueName1 = ConsultaAereo.Api\\ConsultaAereo.Api.csproj
		SccProjectName1 = ConsultaAereo.Api
		SccLocalPath1 = ConsultaAereo.Api
		SccProjectUniqueName2 = ConsultaAereo.Web\\ConsultaAereo.Web.csproj
		SccProjectName2 = ConsultaAereo.Web
		SccLocalPath2 = ConsultaAereo.Web
	EndGlobalSection
	GlobalSection(SolutionConfigurationPlatforms) = preSolution
		Debug|Any CPU = Debug|Any CPU
		Release|Any CPU = Release|Any CPU
	EndGlobalSection
	GlobalSection(ProjectConfigurationPlatforms) = postSolution
		{3ED0A017-97DF-45E0-A70D-F65947B36FDC}.Debug|Any CPU.ActiveCfg = Debug|Any CPU
		{3ED0A017-97DF-45E0-A70D-F65947B36FDC}.Debug|Any CPU.Build.0 = Debug|Any CPU
		{3ED0A017-97DF-45E0-A70D-F65947B36FDC}.Release|Any CPU.ActiveCfg = Release|Any CPU
		{3ED0A017-97DF-45E0-A70D-F65947B36FDC}.Release|Any CPU.Build.0 = Release|Any CPU
		{7B8363A7-6E71-4437-BB8F-9D07B2A63B16}.Debug|Any CPU.ActiveCfg = Debug|Any CPU
		{7B8363A7-6E71-4437-BB8F-9D07B2A63B16}.Debug|Any CPU.Build.0 = Debug|Any CPU
		{7B8363A7-6E71-4437-BB8F-9D07B2A63B16}.Release|Any CPU.ActiveCfg = Release|Any CPU
		{7B8363A7-6E71-4437-BB8F-9D07B2A63B16}.Release|Any CPU.Build.0 = Release|Any CPU
	EndGlobalSection
	GlobalSection(SolutionProperties) = preSolution
		HideSolutionNode = FALSE
	EndGlobalSection
EndGlobal
